
Microsoft Visual Studio Solution File, Format Version 12.00
# Visual Studio Version 16
VisualStudioVersion = 16.0.29920.165
MinimumVisualStudioVersion = 10.0.40219.1
Project("{FAE04EC0-301F-11D3-BF4B-00C04F79EFBC}") = "WAD_Exam", "WAD_Exam.csproj", "{4B76E181-2C6A-4A14-AF60-1DF66CB3618C}"
EndProject
Global
	GlobalSection(SolutionConfigurationPlatforms) = preSolution
		Debug|Any CPU = Debug|Any CPU
		Release|Any CPU = Release|Any CPU
	EndGlobalSection
	GlobalSection(ProjectConfigurationPlatforms) = postSolution
		{4B76E181-2C6A-4A14-AF60-1DF66CB3618C}.Debug|Any CPU.ActiveCfg = Debug|Any CPU
		{4B76E181-2C6A-4A14-AF60-1DF66CB3618C}.Debug|Any CPU.Build.0 = Debug|Any CPU
		{4B76E181-2C6A-4A14-AF60-1DF66CB3618C}.Release|Any CPU.ActiveCfg = Release|Any CPU
		{4B76E181-2C6A-4A14-AF60-1DF66CB3618C}.Release|Any CPU.Build.0 = Release|Any CPU
	EndGlobalSection
	GlobalSection(SolutionProperties) = preSolution
		HideSolutionNode = FALSE
	EndGlobalSection
	GlobalSection(ExtensibilityGlobals) = postSolution
		SolutionGuid = {BF4D4D7C-4171-43DD-B400-688345E6520E}
	EndGlobalSection
EndGlobal
